
Microsoft Visual Studio Solution File, Format Version 12.00
# Visual Studio Version 16
VisualStudioVersion = 16.0.29709.97
MinimumVisualStudioVersion = 10.0.40219.1
Project("{FAE04EC0-301F-11D3-BF4B-00C04F79EFBC}") = "WebAPI", "WebAPI\WebAPI.csproj", "{B3A60158-A455-43E2-9D26-21E0CCFB744C}"
EndProject
Global
	GlobalSection(SolutionConfigurationPlatforms) = preSolution
		Debug|Any CPU = Debug|Any CPU
		Release|Any CPU = Release|Any CPU
	EndGlobalSection
	GlobalSection(ProjectConfigurationPlatforms) = postSolution
		{B3A60158-A455-43E2-9D26-21E0CCFB744C}.Debug|Any CPU.ActiveCfg = Debug|Any CPU
		{B3A60158-A455-43E2-9D26-21E0CCFB744C}.Debug|Any CPU.Build.0 = Debug|Any CPU
		{B3A60158-A455-43E2-9D26-21E0CCFB744C}.Release|Any CPU.ActiveCfg = Release|Any CPU
		{B3A60158-A455-43E2-9D26-21E0CCFB744C}.Release|Any CPU.Build.0 = Release|Any CPU
	EndGlobalSection
	GlobalSection(SolutionProperties) = preSolution
		HideSolutionNode = FALSE
	EndGlobalSection
	GlobalSection(ExtensibilityGlobals) = postSolution
		SolutionGuid = {55206295-6756-4F2A-8D32-02CEA9741515}
	EndGlobalSection
EndGlobal
